
Microsoft Visual Studio Solution File, Format Version 12.00
# Visual Studio 15
VisualStudioVersion = 15.0.28307.168
MinimumVisualStudioVersion = 10.0.40219.1
Project("{FAE04EC0-301F-11D3-BF4B-00C04F79EFBC}") = "CSD3354-2-A4", "CSD3354-2-A4\CSD3354-2-A4.csproj", "{F840E1A0-365C-4EEB-8002-6A4BD2904D78}"
EndProject
Global
	GlobalSection(SolutionConfigurationPlatforms) = preSolution
		Debug|Any CPU = Debug|Any CPU
		Release|Any CPU = Release|Any CPU
	EndGlobalSection
	GlobalSection(ProjectConfigurationPlatforms) = postSolution
		{F840E1A0-365C-4EEB-8002-6A4BD2904D78}.Debug|Any CPU.ActiveCfg = Debug|Any CPU
		{F840E1A0-365C-4EEB-8002-6A4BD2904D78}.Debug|Any CPU.Build.0 = Debug|Any CPU
		{F840E1A0-365C-4EEB-8002-6A4BD2904D78}.Release|Any CPU.ActiveCfg = Release|Any CPU
		{F840E1A0-365C-4EEB-8002-6A4BD2904D78}.Release|Any CPU.Build.0 = Release|Any CPU
	EndGlobalSection
	GlobalSection(SolutionProperties) = preSolution
		HideSolutionNode = FALSE
	EndGlobalSection
	GlobalSection(ExtensibilityGlobals) = postSolution
		SolutionGuid = {1B90F3EF-B44B-4F6A-9E90-1079B2C1502F}
	EndGlobalSection
EndGlobal
